
Microsoft Visual Studio Solution File, Format Version 12.00
# Visual Studio 15
VisualStudioVersion = 15.0.27703.2035
MinimumVisualStudioVersion = 10.0.40219.1
Project("{FAE04EC0-301F-11D3-BF4B-00C04F79EFBC}") = "MadLibsGUI", "MadLibsGUI\MadLibsGUI.csproj", "{0CB03182-2C26-46AE-9158-72E674B4C7F5}"
EndProject
Global
	GlobalSection(SolutionConfigurationPlatforms) = preSolution
		Debug|Any CPU = Debug|Any CPU
		Release|Any CPU = Release|Any CPU
	EndGlobalSection
	GlobalSection(ProjectConfigurationPlatforms) = postSolution
		{0CB03182-2C26-46AE-9158-72E674B4C7F5}.Debug|Any CPU.ActiveCfg = Debug|Any CPU
		{0CB03182-2C26-46AE-9158-72E674B4C7F5}.Debug|Any CPU.Build.0 = Debug|Any CPU
		{0CB03182-2C26-46AE-9158-72E674B4C7F5}.Release|Any CPU.ActiveCfg = Release|Any CPU
		{0CB03182-2C26-46AE-9158-72E674B4C7F5}.Release|Any CPU.Build.0 = Release|Any CPU
	EndGlobalSection
	GlobalSection(SolutionProperties) = preSolution
		HideSolutionNode = FALSE
	EndGlobalSection
	GlobalSection(ExtensibilityGlobals) = postSolution
		SolutionGuid = {15467C61-F3E7-4BD7-9728-3513FCCD5C8C}
	EndGlobalSection
EndGlobal
