
Microsoft Visual Studio Solution File, Format Version 12.00
# Visual Studio 15
VisualStudioVersion = 15.0.27703.2035
MinimumVisualStudioVersion = 10.0.40219.1
Project("{FAE04EC0-301F-11D3-BF4B-00C04F79EFBC}") = "TestInteractiveGUI", "TestInteractiveGUI\TestInteractiveGUI.csproj", "{0047E038-9BB8-43AB-926E-D86CEFAC3B06}"
EndProject
Global
	GlobalSection(SolutionConfigurationPlatforms) = preSolution
		Debug|Any CPU = Debug|Any CPU
		Release|Any CPU = Release|Any CPU
	EndGlobalSection
	GlobalSection(ProjectConfigurationPlatforms) = postSolution
		{0047E038-9BB8-43AB-926E-D86CEFAC3B06}.Debug|Any CPU.ActiveCfg = Debug|Any CPU
		{0047E038-9BB8-43AB-926E-D86CEFAC3B06}.Debug|Any CPU.Build.0 = Debug|Any CPU
		{0047E038-9BB8-43AB-926E-D86CEFAC3B06}.Release|Any CPU.ActiveCfg = Release|Any CPU
		{0047E038-9BB8-43AB-926E-D86CEFAC3B06}.Release|Any CPU.Build.0 = Release|Any CPU
	EndGlobalSection
	GlobalSection(SolutionProperties) = preSolution
		HideSolutionNode = FALSE
	EndGlobalSection
	GlobalSection(ExtensibilityGlobals) = postSolution
		SolutionGuid = {86F0F237-0225-4235-BDE0-12884583C310}
	EndGlobalSection
EndGlobal
